
Microsoft Visual Studio Solution File, Format Version 12.00
# Visual Studio 15
VisualStudioVersion = 15.0.28307.1231
MinimumVisualStudioVersion = 10.0.40219.1
Project("{FAE04EC0-301F-11D3-BF4B-00C04F79EFBC}") = "Dungeon", "..\Dungeon\Dungeon.csproj", "{C52A9E0C-1367-49FE-A032-3D7359463C53}"
EndProject
Project("{FAE04EC0-301F-11D3-BF4B-00C04F79EFBC}") = "DungeonLibrary", "DungeonLibrary\DungeonLibrary.csproj", "{0B78426B-2446-4B69-A70F-0584AA61C763}"
EndProject
Project("{FAE04EC0-301F-11D3-BF4B-00C04F79EFBC}") = "DungeonMonster", "DungeonMonster\DungeonMonster.csproj", "{EB3DDAF3-07C6-41C8-8B91-81554250F88E}"
EndProject
Project("{FAE04EC0-301F-11D3-BF4B-00C04F79EFBC}") = "DungeonItems", "DungeonItems\DungeonItems.csproj", "{2A1D4994-34DA-40B0-B573-FDE5FEFFB35E}"
EndProject
Project("{FAE04EC0-301F-11D3-BF4B-00C04F79EFBC}") = "StatusEffects", "Status\StatusEffects.csproj", "{8E9C646B-0124-4E2B-8D9F-F4DB9D9703F8}"
EndProject
Global
	GlobalSection(SolutionConfigurationPlatforms) = preSolution
		Debug|Any CPU = Debug|Any CPU
		Release|Any CPU = Release|Any CPU
	EndGlobalSection
	GlobalSection(ProjectConfigurationPlatforms) = postSolution
		{C52A9E0C-1367-49FE-A032-3D7359463C53}.Debug|Any CPU.ActiveCfg = Debug|Any CPU
		{C52A9E0C-1367-49FE-A032-3D7359463C53}.Debug|Any CPU.Build.0 = Debug|Any CPU
		{C52A9E0C-1367-49FE-A032-3D7359463C53}.Release|Any CPU.ActiveCfg = Release|Any CPU
		{C52A9E0C-1367-49FE-A032-3D7359463C53}.Release|Any CPU.Build.0 = Release|Any CPU
		{0B78426B-2446-4B69-A70F-0584AA61C763}.Debug|Any CPU.ActiveCfg = Debug|Any CPU
		{0B78426B-2446-4B69-A70F-0584AA61C763}.Debug|Any CPU.Build.0 = Debug|Any CPU
		{0B78426B-2446-4B69-A70F-0584AA61C763}.Release|Any CPU.ActiveCfg = Release|Any CPU
		{0B78426B-2446-4B69-A70F-0584AA61C763}.Release|Any CPU.Build.0 = Release|Any CPU
		{EB3DDAF3-07C6-41C8-8B91-81554250F88E}.Debug|Any CPU.ActiveCfg = Debug|Any CPU
		{EB3DDAF3-07C6-41C8-8B91-81554250F88E}.Debug|Any CPU.Build.0 = Debug|Any CPU
		{EB3DDAF3-07C6-41C8-8B91-81554250F88E}.Release|Any CPU.ActiveCfg = Release|Any CPU
		{EB3DDAF3-07C6-41C8-8B91-81554250F88E}.Release|Any CPU.Build.0 = Release|Any CPU
		{2A1D4994-34DA-40B0-B573-FDE5FEFFB35E}.Debug|Any CPU.ActiveCfg = Debug|Any CPU
		{2A1D4994-34DA-40B0-B573-FDE5FEFFB35E}.Debug|Any CPU.Build.0 = Debug|Any CPU
		{2A1D4994-34DA-40B0-B573-FDE5FEFFB35E}.Release|Any CPU.ActiveCfg = Release|Any CPU
		{2A1D4994-34DA-40B0-B573-FDE5FEFFB35E}.Release|Any CPU.Build.0 = Release|Any CPU
		{8E9C646B-0124-4E2B-8D9F-F4DB9D9703F8}.Debug|Any CPU.ActiveCfg = Debug|Any CPU
		{8E9C646B-0124-4E2B-8D9F-F4DB9D9703F8}.Debug|Any CPU.Build.0 = Debug|Any CPU
		{8E9C646B-0124-4E2B-8D9F-F4DB9D9703F8}.Release|Any CPU.ActiveCfg = Release|Any CPU
		{8E9C646B-0124-4E2B-8D9F-F4DB9D9703F8}.Release|Any CPU.Build.0 = Release|Any CPU
	EndGlobalSection
	GlobalSection(SolutionProperties) = preSolution
		HideSolutionNode = FALSE
	EndGlobalSection
	GlobalSection(ExtensibilityGlobals) = postSolution
		SolutionGuid = {546ADB00-01B2-4E7D-BCFF-2E8DD5071E0C}
	EndGlobalSection
EndGlobal
